
Microsoft Visual Studio Solution File, Format Version 12.00
# Visual Studio Version 16
VisualStudioVersion = 16.0.31129.286
MinimumVisualStudioVersion = 10.0.40219.1
Project("{FAE04EC0-301F-11D3-BF4B-00C04F79EFBC}") = "P_IV_Z1_27022022", "P_IV_Z1_27022022\P_IV_Z1_27022022.csproj", "{DD28E342-0C96-452C-812E-B987E30DC1D3}"
EndProject
Global
	GlobalSection(SolutionConfigurationPlatforms) = preSolution
		Debug|Any CPU = Debug|Any CPU
		Release|Any CPU = Release|Any CPU
	EndGlobalSection
	GlobalSection(ProjectConfigurationPlatforms) = postSolution
		{DD28E342-0C96-452C-812E-B987E30DC1D3}.Debug|Any CPU.ActiveCfg = Debug|Any CPU
		{DD28E342-0C96-452C-812E-B987E30DC1D3}.Debug|Any CPU.Build.0 = Debug|Any CPU
		{DD28E342-0C96-452C-812E-B987E30DC1D3}.Release|Any CPU.ActiveCfg = Release|Any CPU
		{DD28E342-0C96-452C-812E-B987E30DC1D3}.Release|Any CPU.Build.0 = Release|Any CPU
	EndGlobalSection
	GlobalSection(SolutionProperties) = preSolution
		HideSolutionNode = FALSE
	EndGlobalSection
	GlobalSection(ExtensibilityGlobals) = postSolution
		SolutionGuid = {8A572543-310D-4A1B-A1B4-A41582FA8EC8}
	EndGlobalSection
EndGlobal
